// !$*UTF8*$!
{
	archiveVersion = 1;
	classes = {
	};
	objectVersion = 46;
	objects = {

/* Begin PBXBuildFile section */
		7609D8AA13A6D3D0000C0C7B /* Foundation.framework in Frameworks */ = {isa = PBXBuildFile; fileRef = 7609D8A913A6D3D0000C0C7B /* Foundation.framework */; };
		7609D8B213A6D3D0000C0C7B /* InfoPlist.strings in Resources */ = {isa = PBXBuildFile; fileRef = 7609D8B013A6D3D0000C0C7B /* InfoPlist.strings */; };
		7609D8B513A6D3D0000C0C7B /* main.m in Sources */ = {isa = PBXBuildFile; fileRef = 7609D8B413A6D3D0000C0C7B /* main.m */; };
		7609D8B813A6D3D0000C0C7B /* AppDelegate.m in Sources */ = {isa = PBXBuildFile; fileRef = 7609D8B713A6D3D0000C0C7B /* AppDelegate.m */; };
		7609D8C313A6D66E000C0C7B /* BoardController.m in Sources */ = {isa = PBXBuildFile; fileRef = 7609D8C213A6D66E000C0C7B /* BoardController.m */; };
		7609D8C813A6D6A9000C0C7B /* QuartzCore.framework in Frameworks */ = {isa = PBXBuildFile; fileRef = 7609D8C713A6D6A9000C0C7B /* QuartzCore.framework */; };
		7609D8CA13A6D6C1000C0C7B /* UIKit.framework in Frameworks */ = {isa = PBXBuildFile; fileRef = 7609D8C913A6D6C1000C0C7B /* UIKit.framework */; };
		7609D8CC13A6D6C6000C0C7B /* CoreGraphics.framework in Frameworks */ = {isa = PBXBuildFile; fileRef = 7609D8CB13A6D6C6000C0C7B /* CoreGraphics.framework */; };
		7609D8CF13A6ECD6000C0C7B /* Slice.m in Sources */ = {isa = PBXBuildFile; fileRef = 7609D8CE13A6ECD6000C0C7B /* Slice.m */; };
		7609D90213A936A8000C0C7B /* Board-Events.m in Sources */ = {isa = PBXBuildFile; fileRef = 7609D90013A936A7000C0C7B /* Board-Events.m */; };
		7613F0D913C7BA48007C4AC8 /* AVFoundation.framework in Frameworks */ = {isa = PBXBuildFile; fileRef = 7613F0D813C7BA48007C4AC8 /* AVFoundation.framework */; };
		7613F0E413C803F6007C4AC8 /* AudioUnit.m in Sources */ = {isa = PBXBuildFile; fileRef = 7613F0E313C803F6007C4AC8 /* AudioUnit.m */; };
		7671E82313CB6D7B001920A7 /* Note.m in Sources */ = {isa = PBXBuildFile; fileRef = 7671E82213CB6D7B001920A7 /* Note.m */; };
		769F4B6213AE902800384C14 /* MosaicTexture.png in Resources */ = {isa = PBXBuildFile; fileRef = 769F4B6113AE902800384C14 /* MosaicTexture.png */; };
		769F4B8113AEBF0400384C14 /* AudioToolbox.framework in Frameworks */ = {isa = PBXBuildFile; fileRef = 769F4B8013AEBF0400384C14 /* AudioToolbox.framework */; };
		76B2B28F13CCB2AE00E27B2B /* JDQueue.m in Sources */ = {isa = PBXBuildFile; fileRef = 76B2B28E13CCB2AE00E27B2B /* JDQueue.m */; };
		76B2B29013CCBE0400E27B2B /* JDQueue.m in Sources */ = {isa = PBXBuildFile; fileRef = 76B2B28E13CCB2AE00E27B2B /* JDQueue.m */; };
		76C6E5A013C0F40C002D069C /* Sample.m in Sources */ = {isa = PBXBuildFile; fileRef = 76C6E59F13C0F40C002D069C /* Sample.m */; };
		76C6E5A413C0FC62002D069C /* BoardView.m in Sources */ = {isa = PBXBuildFile; fileRef = 76C6E5A213C0FC62002D069C /* BoardView.m */; };
		76FE87A313C1561F008B72DB /* UIKit.framework in Frameworks */ = {isa = PBXBuildFile; fileRef = 7609D8C913A6D6C1000C0C7B /* UIKit.framework */; };
		76FE87A413C15620008B72DB /* Foundation.framework in Frameworks */ = {isa = PBXBuildFile; fileRef = 7609D8A913A6D3D0000C0C7B /* Foundation.framework */; };
		76FE87A513C15620008B72DB /* CoreGraphics.framework in Frameworks */ = {isa = PBXBuildFile; fileRef = 7609D8CB13A6D6C6000C0C7B /* CoreGraphics.framework */; };
		76FE87AB13C15620008B72DB /* InfoPlist.strings in Resources */ = {isa = PBXBuildFile; fileRef = 76FE87A913C15620008B72DB /* InfoPlist.strings */; };
		76FE87AE13C15620008B72DB /* JDQueueTests.h in Resources */ = {isa = PBXBuildFile; fileRef = 76FE87AD13C15620008B72DB /* JDQueueTests.h */; };
		76FE87B013C15620008B72DB /* JDQueueTests.m in Sources */ = {isa = PBXBuildFile; fileRef = 76FE87AF13C15620008B72DB /* JDQueueTests.m */; };
		76FE87BA13C18CB8008B72DB /* Accelerate.framework in Frameworks */ = {isa = PBXBuildFile; fileRef = 76FE87B913C18CB8008B72DB /* Accelerate.framework */; };
/* End PBXBuildFile section */

/* Begin PBXFileReference section */
		7609D8A313A6D3D0000C0C7B /* MikeOscarNovemberEchoYankee.app */ = {isa = PBXFileReference; explicitFileType = wrapper.application; includeInIndex = 0; path = MikeOscarNovemberEchoYankee.app; sourceTree = BUILT_PRODUCTS_DIR; };
		7609D8A913A6D3D0000C0C7B /* Foundation.framework */ = {isa = PBXFileReference; lastKnownFileType = wrapper.framework; name = Foundation.framework; path = System/Library/Frameworks/Foundation.framework; sourceTree = SDKROOT; };
		7609D8AF13A6D3D0000C0C7B /* MikeOscarNovemberEchoYankee-Info.plist */ = {isa = PBXFileReference; lastKnownFileType = text.plist.xml; path = "MikeOscarNovemberEchoYankee-Info.plist"; sourceTree = "<group>"; };
		7609D8B113A6D3D0000C0C7B /* en */ = {isa = PBXFileReference; lastKnownFileType = text.plist.strings; name = en; path = en.lproj/InfoPlist.strings; sourceTree = "<group>"; };
		7609D8B313A6D3D0000C0C7B /* MikeOscarNovemberEchoYankee-Prefix.pch */ = {isa = PBXFileReference; lastKnownFileType = sourcecode.c.h; path = "MikeOscarNovemberEchoYankee-Prefix.pch"; sourceTree = "<group>"; };
		7609D8B413A6D3D0000C0C7B /* main.m */ = {isa = PBXFileReference; lastKnownFileType = sourcecode.c.objc; path = main.m; sourceTree = "<group>"; };
		7609D8B613A6D3D0000C0C7B /* AppDelegate.h */ = {isa = PBXFileReference; lastKnownFileType = sourcecode.c.h; path = AppDelegate.h; sourceTree = "<group>"; };
		7609D8B713A6D3D0000C0C7B /* AppDelegate.m */ = {isa = PBXFileReference; lastKnownFileType = sourcecode.c.objc; path = AppDelegate.m; sourceTree = "<group>"; };
		7609D8C113A6D66E000C0C7B /* BoardController.h */ = {isa = PBXFileReference; fileEncoding = 4; lastKnownFileType = sourcecode.c.h; path = BoardController.h; sourceTree = "<group>"; };
		7609D8C213A6D66E000C0C7B /* BoardController.m */ = {isa = PBXFileReference; fileEncoding = 4; lastKnownFileType = sourcecode.c.objc; path = BoardController.m; sourceTree = "<group>"; };
		7609D8C713A6D6A9000C0C7B /* QuartzCore.framework */ = {isa = PBXFileReference; lastKnownFileType = wrapper.framework; name = QuartzCore.framework; path = Platforms/iPhoneOS.platform/Developer/SDKs/iPhoneOS4.3.sdk/System/Library/Frameworks/QuartzCore.framework; sourceTree = DEVELOPER_DIR; };
		7609D8C913A6D6C1000C0C7B /* UIKit.framework */ = {isa = PBXFileReference; lastKnownFileType = wrapper.framework; name = UIKit.framework; path = Platforms/iPhoneOS.platform/Developer/SDKs/iPhoneOS4.3.sdk/System/Library/Frameworks/UIKit.framework; sourceTree = DEVELOPER_DIR; };
		7609D8CB13A6D6C6000C0C7B /* CoreGraphics.framework */ = {isa = PBXFileReference; lastKnownFileType = wrapper.framework; name = CoreGraphics.framework; path = Platforms/iPhoneOS.platform/Developer/SDKs/iPhoneOS4.3.sdk/System/Library/Frameworks/CoreGraphics.framework; sourceTree = DEVELOPER_DIR; };
		7609D8CD13A6ECD6000C0C7B /* Slice.h */ = {isa = PBXFileReference; fileEncoding = 4; lastKnownFileType = sourcecode.c.h; path = Slice.h; sourceTree = "<group>"; };
		7609D8CE13A6ECD6000C0C7B /* Slice.m */ = {isa = PBXFileReference; fileEncoding = 4; lastKnownFileType = sourcecode.c.objc; path = Slice.m; sourceTree = "<group>"; };
		7609D90013A936A7000C0C7B /* Board-Events.m */ = {isa = PBXFileReference; fileEncoding = 4; lastKnownFileType = sourcecode.c.objc; path = "Board-Events.m"; sourceTree = "<group>"; };
		7609D90113A936A7000C0C7B /* Board-Events.h */ = {isa = PBXFileReference; fileEncoding = 4; lastKnownFileType = sourcecode.c.h; path = "Board-Events.h"; sourceTree = "<group>"; };
		7613F0D813C7BA48007C4AC8 /* AVFoundation.framework */ = {isa = PBXFileReference; lastKnownFileType = wrapper.framework; name = AVFoundation.framework; path = System/Library/Frameworks/AVFoundation.framework; sourceTree = SDKROOT; };
		7613F0DB13C7C4D8007C4AC8 /* BoardView-Private.h */ = {isa = PBXFileReference; fileEncoding = 4; lastKnownFileType = sourcecode.c.h; path = "BoardView-Private.h"; sourceTree = "<group>"; };
		7613F0E213C803F5007C4AC8 /* AudioUnit.h */ = {isa = PBXFileReference; fileEncoding = 4; lastKnownFileType = sourcecode.c.h; path = AudioUnit.h; sourceTree = "<group>"; };
		7613F0E313C803F6007C4AC8 /* AudioUnit.m */ = {isa = PBXFileReference; fileEncoding = 4; lastKnownFileType = sourcecode.c.objc; path = AudioUnit.m; sourceTree = "<group>"; };
		7671E82113CB6D7B001920A7 /* Note.h */ = {isa = PBXFileReference; fileEncoding = 4; lastKnownFileType = sourcecode.c.h; path = Note.h; sourceTree = "<group>"; };
		7671E82213CB6D7B001920A7 /* Note.m */ = {isa = PBXFileReference; fileEncoding = 4; lastKnownFileType = sourcecode.c.objc; path = Note.m; sourceTree = "<group>"; };
		769F4B6113AE902800384C14 /* MosaicTexture.png */ = {isa = PBXFileReference; lastKnownFileType = image.png; path = MosaicTexture.png; sourceTree = "<group>"; };
		769F4B8013AEBF0400384C14 /* AudioToolbox.framework */ = {isa = PBXFileReference; lastKnownFileType = wrapper.framework; name = AudioToolbox.framework; path = Platforms/iPhoneOS.platform/Developer/SDKs/iPhoneOS4.3.sdk/System/Library/Frameworks/AudioToolbox.framework; sourceTree = DEVELOPER_DIR; };
		76B2B28D13CCB2AE00E27B2B /* JDQueue.h */ = {isa = PBXFileReference; fileEncoding = 4; lastKnownFileType = sourcecode.c.h; path = JDQueue.h; sourceTree = "<group>"; };
		76B2B28E13CCB2AE00E27B2B /* JDQueue.m */ = {isa = PBXFileReference; fileEncoding = 4; lastKnownFileType = sourcecode.c.objc; path = JDQueue.m; sourceTree = "<group>"; };
		76C6E59E13C0F40C002D069C /* Sample.h */ = {isa = PBXFileReference; fileEncoding = 4; lastKnownFileType = sourcecode.c.h; path = Sample.h; sourceTree = "<group>"; };
		76C6E59F13C0F40C002D069C /* Sample.m */ = {isa = PBXFileReference; fileEncoding = 4; lastKnownFileType = sourcecode.c.objc; path = Sample.m; sourceTree = "<group>"; };
		76C6E5A213C0FC62002D069C /* BoardView.m */ = {isa = PBXFileReference; fileEncoding = 4; lastKnownFileType = sourcecode.c.objc; path = BoardView.m; sourceTree = "<group>"; };
		76C6E5A313C0FC62002D069C /* BoardView.h */ = {isa = PBXFileReference; fileEncoding = 4; lastKnownFileType = sourcecode.c.h; path = BoardView.h; sourceTree = "<group>"; };
		76FE87A213C1561F008B72DB /* SampleTests.octest */ = {isa = PBXFileReference; explicitFileType = wrapper.cfbundle; includeInIndex = 0; path = SampleTests.octest; sourceTree = BUILT_PRODUCTS_DIR; };
		76FE87A813C15620008B72DB /* SampleTests-Info.plist */ = {isa = PBXFileReference; lastKnownFileType = text.plist.xml; path = "SampleTests-Info.plist"; sourceTree = "<group>"; };
		76FE87AA13C15620008B72DB /* en */ = {isa = PBXFileReference; lastKnownFileType = text.plist.strings; name = en; path = en.lproj/InfoPlist.strings; sourceTree = "<group>"; };
		76FE87AC13C15620008B72DB /* SampleTests-Prefix.pch */ = {isa = PBXFileReference; lastKnownFileType = sourcecode.c.h; path = "SampleTests-Prefix.pch"; sourceTree = "<group>"; };
		76FE87AD13C15620008B72DB /* JDQueueTests.h */ = {isa = PBXFileReference; lastKnownFileType = sourcecode.c.h; path = JDQueueTests.h; sourceTree = "<group>"; };
		76FE87AF13C15620008B72DB /* JDQueueTests.m */ = {isa = PBXFileReference; lastKnownFileType = sourcecode.c.objc; path = JDQueueTests.m; sourceTree = "<group>"; };
		76FE87B913C18CB8008B72DB /* Accelerate.framework */ = {isa = PBXFileReference; lastKnownFileType = wrapper.framework; name = Accelerate.framework; path = Platforms/iPhoneOS.platform/Developer/SDKs/iPhoneOS4.3.sdk/System/Library/Frameworks/Accelerate.framework; sourceTree = DEVELOPER_DIR; };
/* End PBXFileReference section */

/* Begin PBXFrameworksBuildPhase section */
		7609D8A013A6D3D0000C0C7B /* Frameworks */ = {
			isa = PBXFrameworksBuildPhase;
			buildActionMask = 2147483647;
			files = (
				7613F0D913C7BA48007C4AC8 /* AVFoundation.framework in Frameworks */,
				76FE87BA13C18CB8008B72DB /* Accelerate.framework in Frameworks */,
				769F4B8113AEBF0400384C14 /* AudioToolbox.framework in Frameworks */,
				7609D8CC13A6D6C6000C0C7B /* CoreGraphics.framework in Frameworks */,
				7609D8CA13A6D6C1000C0C7B /* UIKit.framework in Frameworks */,
				7609D8AA13A6D3D0000C0C7B /* Foundation.framework in Frameworks */,
				7609D8C813A6D6A9000C0C7B /* QuartzCore.framework in Frameworks */,
			);
			runOnlyForDeploymentPostprocessing = 0;
		};
		76FE879E13C1561F008B72DB /* Frameworks */ = {
			isa = PBXFrameworksBuildPhase;
			buildActionMask = 2147483647;
			files = (
				76FE87A313C1561F008B72DB /* UIKit.framework in Frameworks */,
				76FE87A413C15620008B72DB /* Foundation.framework in Frameworks */,
				76FE87A513C15620008B72DB /* CoreGraphics.framework in Frameworks */,
			);
			runOnlyForDeploymentPostprocessing = 0;
		};
/* End PBXFrameworksBuildPhase section */

/* Begin PBXGroup section */
		7609D8A413A6D3D0000C0C7B /* Products */ = {
			isa = PBXGroup;
			children = (
				7609D8A313A6D3D0000C0C7B /* MikeOscarNovemberEchoYankee.app */,
				76FE87A213C1561F008B72DB /* SampleTests.octest */,
			);
			name = Products;
			sourceTree = "<group>";
		};
		7609D8A613A6D3D0000C0C7B /* Frameworks */ = {
			isa = PBXGroup;
			children = (
				76FE87B913C18CB8008B72DB /* Accelerate.framework */,
				769F4B8013AEBF0400384C14 /* AudioToolbox.framework */,
				7609D8CB13A6D6C6000C0C7B /* CoreGraphics.framework */,
				7609D8C913A6D6C1000C0C7B /* UIKit.framework */,
				7609D8C713A6D6A9000C0C7B /* QuartzCore.framework */,
				7609D8A913A6D3D0000C0C7B /* Foundation.framework */,
			);
			name = Frameworks;
			sourceTree = "<group>";
		};
		7609D8AD13A6D3D0000C0C7B /* MikeOscarNovemberEchoYankee */ = {
			isa = PBXGroup;
			children = (
				769F4B8213AEBF1000384C14 /* ToneKit */,
				7609D8CD13A6ECD6000C0C7B /* Slice.h */,
				7609D8CE13A6ECD6000C0C7B /* Slice.m */,
				7609D8C113A6D66E000C0C7B /* BoardController.h */,
				7609D8C213A6D66E000C0C7B /* BoardController.m */,
				76C6E5A213C0FC62002D069C /* BoardView.m */,
				7613F0DB13C7C4D8007C4AC8 /* BoardView-Private.h */,
				76C6E5A313C0FC62002D069C /* BoardView.h */,
				7609D90113A936A7000C0C7B /* Board-Events.h */,
				7609D90013A936A7000C0C7B /* Board-Events.m */,
				7609D8B613A6D3D0000C0C7B /* AppDelegate.h */,
				7609D8B713A6D3D0000C0C7B /* AppDelegate.m */,
				7609D8AE13A6D3D0000C0C7B /* Supporting Files */,
			);
			path = MikeOscarNovemberEchoYankee;
			sourceTree = "<group>";
		};
		7609D8AE13A6D3D0000C0C7B /* Supporting Files */ = {
			isa = PBXGroup;
			children = (
				7609D8AF13A6D3D0000C0C7B /* MikeOscarNovemberEchoYankee-Info.plist */,
				7609D8B013A6D3D0000C0C7B /* InfoPlist.strings */,
				7609D8B313A6D3D0000C0C7B /* MikeOscarNovemberEchoYankee-Prefix.pch */,
				7609D8B413A6D3D0000C0C7B /* main.m */,
			);
			name = "Supporting Files";
			sourceTree = "<group>";
		};
		7623190513A6D2B4004BF0E3 = {
			isa = PBXGroup;
			children = (
				7613F0D813C7BA48007C4AC8 /* AVFoundation.framework */,
				7609D8AD13A6D3D0000C0C7B /* MikeOscarNovemberEchoYankee */,
				769F4B5F13AE901000384C14 /* Assets */,
				76FE87A613C15620008B72DB /* SampleTests */,
				7609D8A613A6D3D0000C0C7B /* Frameworks */,
				7609D8A413A6D3D0000C0C7B /* Products */,
			);
			sourceTree = "<group>";
		};
		769F4B5F13AE901000384C14 /* Assets */ = {
			isa = PBXGroup;
			children = (
				769F4B6113AE902800384C14 /* MosaicTexture.png */,
			);
			name = Assets;
			sourceTree = "<group>";
		};
		769F4B8213AEBF1000384C14 /* ToneKit */ = {
			isa = PBXGroup;
			children = (
				76C6E59E13C0F40C002D069C /* Sample.h */,
				76C6E59F13C0F40C002D069C /* Sample.m */,
				7613F0E213C803F5007C4AC8 /* AudioUnit.h */,
				7613F0E313C803F6007C4AC8 /* AudioUnit.m */,
				7671E82113CB6D7B001920A7 /* Note.h */,
				7671E82213CB6D7B001920A7 /* Note.m */,
				76B2B28D13CCB2AE00E27B2B /* JDQueue.h */,
				76B2B28E13CCB2AE00E27B2B /* JDQueue.m */,
			);
			name = ToneKit;
			sourceTree = "<group>";
		};
		76FE87A613C15620008B72DB /* SampleTests */ = {
			isa = PBXGroup;
			children = (
				76FE87AD13C15620008B72DB /* JDQueueTests.h */,
				76FE87AF13C15620008B72DB /* JDQueueTests.m */,
				76FE87A713C15620008B72DB /* Supporting Files */,
			);
			path = SampleTests;
			sourceTree = "<group>";
		};
		76FE87A713C15620008B72DB /* Supporting Files */ = {
			isa = PBXGroup;
			children = (
				76FE87A813C15620008B72DB /* SampleTests-Info.plist */,
				76FE87A913C15620008B72DB /* InfoPlist.strings */,
				76FE87AC13C15620008B72DB /* SampleTests-Prefix.pch */,
			);
			name = "Supporting Files";
			sourceTree = "<group>";
		};
/* End PBXGroup section */

/* Begin PBXNativeTarget section */
		7609D8A213A6D3D0000C0C7B /* MikeOscarNovemberEchoYankee */ = {
			isa = PBXNativeTarget;
			buildConfigurationList = 7609D8BE13A6D3D0000C0C7B /* Build configuration list for PBXNativeTarget "MikeOscarNovemberEchoYankee" */;
			buildPhases = (
				7609D89F13A6D3D0000C0C7B /* Sources */,
				7609D8A013A6D3D0000C0C7B /* Frameworks */,
				7609D8A113A6D3D0000C0C7B /* Resources */,
			);
			buildRules = (
			);
			dependencies = (
			);
			name = MikeOscarNovemberEchoYankee;
			productName = MikeOscarNovemberEchoYankee;
			productReference = 7609D8A313A6D3D0000C0C7B /* MikeOscarNovemberEchoYankee.app */;
			productType = "com.apple.product-type.application";
		};
		76FE87A113C1561F008B72DB /* SampleTests */ = {
			isa = PBXNativeTarget;
			buildConfigurationList = 76FE87B313C15620008B72DB /* Build configuration list for PBXNativeTarget "SampleTests" */;
			buildPhases = (
				76FE879D13C1561F008B72DB /* Sources */,
				76FE879E13C1561F008B72DB /* Frameworks */,
				76FE879F13C1561F008B72DB /* Resources */,
				76FE87A013C1561F008B72DB /* ShellScript */,
			);
			buildRules = (
			);
			dependencies = (
			);
			name = SampleTests;
			productName = SampleTests;
			productReference = 76FE87A213C1561F008B72DB /* SampleTests.octest */;
			productType = "com.apple.product-type.bundle";
		};
/* End PBXNativeTarget section */

/* Begin PBXProject section */
		7623190713A6D2B4004BF0E3 /* Project object */ = {
			isa = PBXProject;
			attributes = {
				ORGANIZATIONNAME = N/A;
			};
			buildConfigurationList = 7623190A13A6D2B4004BF0E3 /* Build configuration list for PBXProject "MikeOscarNovemberEchoYankee" */;
			compatibilityVersion = "Xcode 3.2";
			developmentRegion = English;
			hasScannedForEncodings = 0;
			knownRegions = (
				en,
			);
			mainGroup = 7623190513A6D2B4004BF0E3;
			productRefGroup = 7609D8A413A6D3D0000C0C7B /* Products */;
			projectDirPath = "";
			projectRoot = "";
			targets = (
				7609D8A213A6D3D0000C0C7B /* MikeOscarNovemberEchoYankee */,
				76FE87A113C1561F008B72DB /* SampleTests */,
			);
		};
/* End PBXProject section */

/* Begin PBXResourcesBuildPhase section */
		7609D8A113A6D3D0000C0C7B /* Resources */ = {
			isa = PBXResourcesBuildPhase;
			buildActionMask = 2147483647;
			files = (
				7609D8B213A6D3D0000C0C7B /* InfoPlist.strings in Resources */,
				769F4B6213AE902800384C14 /* MosaicTexture.png in Resources */,
			);
			runOnlyForDeploymentPostprocessing = 0;
		};
		76FE879F13C1561F008B72DB /* Resources */ = {
			isa = PBXResourcesBuildPhase;
			buildActionMask = 2147483647;
			files = (
				76FE87AB13C15620008B72DB /* InfoPlist.strings in Resources */,
				76FE87AE13C15620008B72DB /* JDQueueTests.h in Resources */,
			);
			runOnlyForDeploymentPostprocessing = 0;
		};
/* End PBXResourcesBuildPhase section */

/* Begin PBXShellScriptBuildPhase section */
		76FE87A013C1561F008B72DB /* ShellScript */ = {
			isa = PBXShellScriptBuildPhase;
			buildActionMask = 2147483647;
			files = (
			);
			inputPaths = (
			);
			outputPaths = (
			);
			runOnlyForDeploymentPostprocessing = 0;
			shellPath = /bin/sh;
			shellScript = "# Run the unit tests in this test bundle.\n\"${SYSTEM_DEVELOPER_DIR}/Tools/RunUnitTests\"\n";
		};
/* End PBXShellScriptBuildPhase section */

/* Begin PBXSourcesBuildPhase section */
		7609D89F13A6D3D0000C0C7B /* Sources */ = {
			isa = PBXSourcesBuildPhase;
			buildActionMask = 2147483647;
			files = (
				7609D8B513A6D3D0000C0C7B /* main.m in Sources */,
				7609D8B813A6D3D0000C0C7B /* AppDelegate.m in Sources */,
				7609D8C313A6D66E000C0C7B /* BoardController.m in Sources */,
				7609D8CF13A6ECD6000C0C7B /* Slice.m in Sources */,
				7609D90213A936A8000C0C7B /* Board-Events.m in Sources */,
				76C6E5A013C0F40C002D069C /* Sample.m in Sources */,
				76C6E5A413C0FC62002D069C /* BoardView.m in Sources */,
				7613F0E413C803F6007C4AC8 /* AudioUnit.m in Sources */,
				7671E82313CB6D7B001920A7 /* Note.m in Sources */,
				76B2B28F13CCB2AE00E27B2B /* JDQueue.m in Sources */,
			);
			runOnlyForDeploymentPostprocessing = 0;
		};
		76FE879D13C1561F008B72DB /* Sources */ = {
			isa = PBXSourcesBuildPhase;
			buildActionMask = 2147483647;
			files = (
				76FE87B013C15620008B72DB /* JDQueueTests.m in Sources */,
				76B2B29013CCBE0400E27B2B /* JDQueue.m in Sources */,
			);
			runOnlyForDeploymentPostprocessing = 0;
		};
/* End PBXSourcesBuildPhase section */

/* Begin PBXVariantGroup section */
		7609D8B013A6D3D0000C0C7B /* InfoPlist.strings */ = {
			isa = PBXVariantGroup;
			children = (
				7609D8B113A6D3D0000C0C7B /* en */,
			);
			name = InfoPlist.strings;
			sourceTree = "<group>";
		};
		76FE87A913C15620008B72DB /* InfoPlist.strings */ = {
			isa = PBXVariantGroup;
			children = (
				76FE87AA13C15620008B72DB /* en */,
			);
			name = InfoPlist.strings;
			sourceTree = "<group>";
		};
/* End PBXVariantGroup section */

/* Begin XCBuildConfiguration section */
		7609D8BC13A6D3D0000C0C7B /* Debug */ = {
			isa = XCBuildConfiguration;
			buildSettings = {
				ALWAYS_SEARCH_USER_PATHS = NO;
				ARCHS = "$(ARCHS_UNIVERSAL_IPHONE_OS)";
				CODE_SIGN_IDENTITY = "iPhone Developer: Jeffrey Drake (7ZC3KY52BD)";
				"CODE_SIGN_IDENTITY[sdk=iphoneos*]" = "iPhone Developer: Jeffrey Drake (7ZC3KY52BD)";
				COPY_PHASE_STRIP = NO;
				GCC_C_LANGUAGE_STANDARD = gnu99;
				GCC_DYNAMIC_NO_PIC = NO;
				GCC_OPTIMIZATION_LEVEL = 0;
				GCC_PRECOMPILE_PREFIX_HEADER = YES;
				GCC_PREFIX_HEADER = "MikeOscarNovemberEchoYankee/MikeOscarNovemberEchoYankee-Prefix.pch";
				GCC_PREPROCESSOR_DEFINITIONS = DEBUG;
				GCC_SYMBOLS_PRIVATE_EXTERN = NO;
				GCC_VERSION = com.apple.compilers.llvm.clang.1_0;
				GCC_WARN_ABOUT_RETURN_TYPE = YES;
				GCC_WARN_UNUSED_VARIABLE = YES;
				INFOPLIST_FILE = "MikeOscarNovemberEchoYankee/MikeOscarNovemberEchoYankee-Info.plist";
				IPHONEOS_DEPLOYMENT_TARGET = 4.3;
				PRODUCT_NAME = "$(TARGET_NAME)";
				PROVISIONING_PROFILE = "98F66488-E6EE-4541-B6A3-6BA9DF842919";
				"PROVISIONING_PROFILE[sdk=iphoneos*]" = "98F66488-E6EE-4541-B6A3-6BA9DF842919";
				RUN_CLANG_STATIC_ANALYZER = YES;
				SDKROOT = iphoneos;
				TARGETED_DEVICE_FAMILY = 2;
				VALID_ARCHS = "armv7 i386";
				WRAPPER_EXTENSION = app;
			};
			name = Debug;
		};
		7609D8BD13A6D3D0000C0C7B /* Release */ = {
			isa = XCBuildConfiguration;
			buildSettings = {
				ALWAYS_SEARCH_USER_PATHS = NO;
				ARCHS = "$(ARCHS_UNIVERSAL_IPHONE_OS)";
				CODE_SIGN_IDENTITY = "iPhone Developer: Jeffrey Drake (7ZC3KY52BD)";
				"CODE_SIGN_IDENTITY[sdk=iphoneos*]" = "iPhone Developer: Jeffrey Drake (7ZC3KY52BD)";
				COPY_PHASE_STRIP = NO;
				GCC_C_LANGUAGE_STANDARD = gnu99;
				GCC_PRECOMPILE_PREFIX_HEADER = YES;
				GCC_PREFIX_HEADER = "MikeOscarNovemberEchoYankee/MikeOscarNovemberEchoYankee-Prefix.pch";
				GCC_VERSION = com.apple.compilers.llvm.clang.1_0;
				GCC_WARN_ABOUT_RETURN_TYPE = YES;
				GCC_WARN_UNUSED_VARIABLE = YES;
				INFOPLIST_FILE = "MikeOscarNovemberEchoYankee/MikeOscarNovemberEchoYankee-Info.plist";
				IPHONEOS_DEPLOYMENT_TARGET = 4.3;
				OTHER_CFLAGS = "-DNS_BLOCK_ASSERTIONS=1";
				PRODUCT_NAME = "$(TARGET_NAME)";
				PROVISIONING_PROFILE = "98F66488-E6EE-4541-B6A3-6BA9DF842919";
				"PROVISIONING_PROFILE[sdk=iphoneos*]" = "98F66488-E6EE-4541-B6A3-6BA9DF842919";
				RUN_CLANG_STATIC_ANALYZER = YES;
				SDKROOT = iphoneos;
				TARGETED_DEVICE_FAMILY = 2;
				VALIDATE_PRODUCT = YES;
				VALID_ARCHS = "armv7 i386";
				WRAPPER_EXTENSION = app;
			};
			name = Release;
		};
		7623190C13A6D2B4004BF0E3 /* Debug */ = {
			isa = XCBuildConfiguration;
			buildSettings = {
				ARCHS = "$(ARCHS_UNIVERSAL_IPHONE_OS)";
				SDKROOT = iphoneos;
				VALID_ARCHS = armv7;
			};
			name = Debug;
		};
		7623190D13A6D2B4004BF0E3 /* Release */ = {
			isa = XCBuildConfiguration;
			buildSettings = {
				ARCHS = "$(ARCHS_UNIVERSAL_IPHONE_OS)";
				SDKROOT = iphoneos;
				VALID_ARCHS = armv7;
			};
			name = Release;
		};
		76FE87B113C15620008B72DB /* Debug */ = {
			isa = XCBuildConfiguration;
			buildSettings = {
				ALWAYS_SEARCH_USER_PATHS = NO;
				ARCHS = "$(ARCHS_UNIVERSAL_IPHONE_OS)";
				FRAMEWORK_SEARCH_PATHS = (
					"$(SDKROOT)/Developer/Library/Frameworks",
					"$(DEVELOPER_LIBRARY_DIR)/Frameworks",
				);
				GCC_C_LANGUAGE_STANDARD = gnu99;
				GCC_OPTIMIZATION_LEVEL = 0;
				GCC_PRECOMPILE_PREFIX_HEADER = YES;
				GCC_PREFIX_HEADER = "SampleTests/SampleTests-Prefix.pch";
				GCC_PREPROCESSOR_DEFINITIONS = DEBUG;
				GCC_SYMBOLS_PRIVATE_EXTERN = NO;
				GCC_VERSION = com.apple.compilers.llvm.clang.1_0;
				GCC_WARN_ABOUT_RETURN_TYPE = YES;
				GCC_WARN_UNUSED_VARIABLE = YES;
				INFOPLIST_FILE = "SampleTests/SampleTests-Info.plist";
				IPHONEOS_DEPLOYMENT_TARGET = 4.3;
				ONLY_ACTIVE_ARCH = YES;
				OTHER_LDFLAGS = (
					"-framework",
					SenTestingKit,
				);
				PRODUCT_NAME = "$(TARGET_NAME)";
				SDKROOT = iphoneos;
				VALID_ARCHS = "i386 armv7";
				WRAPPER_EXTENSION = octest;
			};
			name = Debug;
		};
		76FE87B213C15620008B72DB /* Release */ = {
			isa = XCBuildConfiguration;
			buildSettings = {
				ALWAYS_SEARCH_USER_PATHS = NO;
				ARCHS = "$(ARCHS_UNIVERSAL_IPHONE_OS)";
				FRAMEWORK_SEARCH_PATHS = (
					"$(SDKROOT)/Developer/Library/Frameworks",
					"$(DEVELOPER_LIBRARY_DIR)/Frameworks",
				);
				GCC_C_LANGUAGE_STANDARD = gnu99;
				GCC_PRECOMPILE_PREFIX_HEADER = YES;
				GCC_PREFIX_HEADER = "SampleTests/SampleTests-Prefix.pch";
				GCC_VERSION = com.apple.compilers.llvm.clang.1_0;
				GCC_WARN_ABOUT_RETURN_TYPE = YES;
				GCC_WARN_UNUSED_VARIABLE = YES;
				INFOPLIST_FILE = "SampleTests/SampleTests-Info.plist";
				IPHONEOS_DEPLOYMENT_TARGET = 4.3;
				ONLY_ACTIVE_ARCH = YES;
				OTHER_LDFLAGS = (
					"-framework",
					SenTestingKit,
				);
				PRODUCT_NAME = "$(TARGET_NAME)";
				SDKROOT = iphoneos;
				VALID_ARCHS = "i386 armv7";
				WRAPPER_EXTENSION = octest;
			};
			name = Release;
		};
/* End XCBuildConfiguration section */

/* Begin XCConfigurationList section */
		7609D8BE13A6D3D0000C0C7B /* Build configuration list for PBXNativeTarget "MikeOscarNovemberEchoYankee" */ = {
			isa = XCConfigurationList;
			buildConfigurations = (
				7609D8BC13A6D3D0000C0C7B /* Debug */,
				7609D8BD13A6D3D0000C0C7B /* Release */,
			);
			defaultConfigurationIsVisible = 0;
			defaultConfigurationName = Release;
		};
		7623190A13A6D2B4004BF0E3 /* Build configuration list for PBXProject "MikeOscarNovemberEchoYankee" */ = {
			isa = XCConfigurationList;
			buildConfigurations = (
				7623190C13A6D2B4004BF0E3 /* Debug */,
				7623190D13A6D2B4004BF0E3 /* Release */,
			);
			defaultConfigurationIsVisible = 0;
			defaultConfigurationName = Release;
		};
		76FE87B313C15620008B72DB /* Build configuration list for PBXNativeTarget "SampleTests" */ = {
			isa = XCConfigurationList;
			buildConfigurations = (
				76FE87B113C15620008B72DB /* Debug */,
				76FE87B213C15620008B72DB /* Release */,
			);
			defaultConfigurationIsVisible = 0;
			defaultConfigurationName = Release;
		};
/* End XCConfigurationList section */
	};
	rootObject = 7623190713A6D2B4004BF0E3 /* Project object */;
}
